
Microsoft Visual Studio Solution File, Format Version 12.00
# Visual Studio Version 17
VisualStudioVersion = 17.9.34607.119
MinimumVisualStudioVersion = 10.0.40219.1
Project("{FAE04EC0-301F-11D3-BF4B-00C04F79EFBC}") = "MainApp.Android", "MainApp\MainApp.Android\MainApp.Android.csproj", "{48BB3C18-3311-458C-B530-A302CA20A5BA}"
EndProject
Project("{9A19103F-16F7-4668-BE54-9A1E7A4F7556}") = "MainApp", "MainApp\MainApp\MainApp.csproj", "{B79248C9-7A85-492A-AE89-F45062C11BAA}"
EndProject
Global
	GlobalSection(SolutionConfigurationPlatforms) = preSolution
		Debug|Any CPU = Debug|Any CPU
		Release|Any CPU = Release|Any CPU
	EndGlobalSection
	GlobalSection(ProjectConfigurationPlatforms) = postSolution
		{48BB3C18-3311-458C-B530-A302CA20A5BA}.Debug|Any CPU.ActiveCfg = Debug|Any CPU
		{48BB3C18-3311-458C-B530-A302CA20A5BA}.Debug|Any CPU.Build.0 = Debug|Any CPU
		{48BB3C18-3311-458C-B530-A302CA20A5BA}.Debug|Any CPU.Deploy.0 = Debug|Any CPU
		{48BB3C18-3311-458C-B530-A302CA20A5BA}.Release|Any CPU.ActiveCfg = Release|Any CPU
		{48BB3C18-3311-458C-B530-A302CA20A5BA}.Release|Any CPU.Build.0 = Release|Any CPU
		{48BB3C18-3311-458C-B530-A302CA20A5BA}.Release|Any CPU.Deploy.0 = Release|Any CPU
		{B79248C9-7A85-492A-AE89-F45062C11BAA}.Debug|Any CPU.ActiveCfg = Debug|Any CPU
		{B79248C9-7A85-492A-AE89-F45062C11BAA}.Debug|Any CPU.Build.0 = Debug|Any CPU
		{B79248C9-7A85-492A-AE89-F45062C11BAA}.Debug|Any CPU.Deploy.0 = Debug|Any CPU
		{B79248C9-7A85-492A-AE89-F45062C11BAA}.Release|Any CPU.ActiveCfg = Release|Any CPU
		{B79248C9-7A85-492A-AE89-F45062C11BAA}.Release|Any CPU.Build.0 = Release|Any CPU
		{B79248C9-7A85-492A-AE89-F45062C11BAA}.Release|Any CPU.Deploy.0 = Release|Any CPU
	EndGlobalSection
	GlobalSection(SolutionProperties) = preSolution
		HideSolutionNode = FALSE
	EndGlobalSection
	GlobalSection(ExtensibilityGlobals) = postSolution
		SolutionGuid = {5BCD986A-3FA0-4622-9047-7C22BC1A4350}
	EndGlobalSection
EndGlobal
